dependencies:
  achimpieters/esp32-dht:
    component_hash: e605fcdad07d9d9ad63fe14585b14bee8b4b6c7862247bf590cae44226f8e09c
    dependencies:
    - name: idf
      require: private
      version: '>=5.0'
    source:
      registry_url: https://components.espressif.com/
      type: service
    targets:
    - esp32
    - esp32c2
    - esp32c3
    - esp32c5
    - esp32c6
    - esp32c61
    - esp32s2
    - esp32s3
    version: 1.0.2
  idf:
    source:
      type: idf
    version: 5.5.1
direct_dependencies:
- achimpieters/esp32-dht
- idf
manifest_hash: 0b39aa5811118dc69899cb5b4e3fe1a33ac39390552dc5f82f77c1034633596f
target: esp32c3
version: 2.0.0
